
Microsoft Visual Studio Solution File, Format Version 12.00
# Visual Studio Version 17
VisualStudioVersion = 17.2.32519.379
MinimumVisualStudioVersion = 10.0.40219.1
Project("{9A19103F-16F7-4668-BE54-9A1E7A4F7556}") = "Semana2Dia1Ex2", "Semana1Dia1Ex1\Semana2Dia1Ex2.csproj", "{5AA82AA7-C046-4889-A14E-4860C962F05E}"
EndProject
Project("{9A19103F-16F7-4668-BE54-9A1E7A4F7556}") = "Semana2Dia2Ex1", "Semana2Dia2Ex1\Semana2Dia2Ex1.csproj", "{D395C904-80B6-4E28-8B91-1C26BD3359C1}"
EndProject
Project("{9A19103F-16F7-4668-BE54-9A1E7A4F7556}") = "Semana2Dia3Ex3", "Semana2Dia3Ex3\Semana2Dia3Ex3.csproj", "{858C0EDC-0277-4667-ACA2-46F82C7B4FCA}"
EndProject
Project("{9A19103F-16F7-4668-BE54-9A1E7A4F7556}") = "Semana2Dia4Ex1", "Semana2Dia4Ex1\Semana2Dia4Ex1.csproj", "{BB87AA65-BA24-42C6-A47C-452803F368AB}"
EndProject
Project("{9A19103F-16F7-4668-BE54-9A1E7A4F7556}") = "Semana2Dia1Ex3", "Semana2Dia1Ex3\Semana2Dia1Ex3.csproj", "{A6DEDF73-DA9F-4D54-BBD4-22A931BE851B}"
EndProject
Project("{FAE04EC0-301F-11D3-BF4B-00C04F79EFBC}") = "Semana2Dia4Ex2", "Semana2Dia4Ex2\Semana2Dia4Ex2.csproj", "{9DAC1B64-57CD-4D68-B1F9-2C59ECA28A4F}"
EndProject
Project("{FAE04EC0-301F-11D3-BF4B-00C04F79EFBC}") = "Semana2Dia1Ex4", "Semana2Dia1Ex4\Semana2Dia1Ex4.csproj", "{3AF0E1B3-BD60-408D-AC4C-AD5874987558}"
EndProject
Global
	GlobalSection(SolutionConfigurationPlatforms) = preSolution
		Debug|Any CPU = Debug|Any CPU
		Release|Any CPU = Release|Any CPU
	EndGlobalSection
	GlobalSection(ProjectConfigurationPlatforms) = postSolution
		{5AA82AA7-C046-4889-A14E-4860C962F05E}.Debug|Any CPU.ActiveCfg = Debug|Any CPU
		{5AA82AA7-C046-4889-A14E-4860C962F05E}.Debug|Any CPU.Build.0 = Debug|Any CPU
		{5AA82AA7-C046-4889-A14E-4860C962F05E}.Release|Any CPU.ActiveCfg = Release|Any CPU
		{5AA82AA7-C046-4889-A14E-4860C962F05E}.Release|Any CPU.Build.0 = Release|Any CPU
		{D395C904-80B6-4E28-8B91-1C26BD3359C1}.Debug|Any CPU.ActiveCfg = Debug|Any CPU
		{D395C904-80B6-4E28-8B91-1C26BD3359C1}.Debug|Any CPU.Build.0 = Debug|Any CPU
		{D395C904-80B6-4E28-8B91-1C26BD3359C1}.Release|Any CPU.ActiveCfg = Release|Any CPU
		{D395C904-80B6-4E28-8B91-1C26BD3359C1}.Release|Any CPU.Build.0 = Release|Any CPU
		{858C0EDC-0277-4667-ACA2-46F82C7B4FCA}.Debug|Any CPU.ActiveCfg = Debug|Any CPU
		{858C0EDC-0277-4667-ACA2-46F82C7B4FCA}.Debug|Any CPU.Build.0 = Debug|Any CPU
		{858C0EDC-0277-4667-ACA2-46F82C7B4FCA}.Release|Any CPU.ActiveCfg = Release|Any CPU
		{858C0EDC-0277-4667-ACA2-46F82C7B4FCA}.Release|Any CPU.Build.0 = Release|Any CPU
		{BB87AA65-BA24-42C6-A47C-452803F368AB}.Debug|Any CPU.ActiveCfg = Debug|Any CPU
		{BB87AA65-BA24-42C6-A47C-452803F368AB}.Debug|Any CPU.Build.0 = Debug|Any CPU
		{BB87AA65-BA24-42C6-A47C-452803F368AB}.Release|Any CPU.ActiveCfg = Release|Any CPU
		{BB87AA65-BA24-42C6-A47C-452803F368AB}.Release|Any CPU.Build.0 = Release|Any CPU
		{A6DEDF73-DA9F-4D54-BBD4-22A931BE851B}.Debug|Any CPU.ActiveCfg = Debug|Any CPU
		{A6DEDF73-DA9F-4D54-BBD4-22A931BE851B}.Debug|Any CPU.Build.0 = Debug|Any CPU
		{A6DEDF73-DA9F-4D54-BBD4-22A931BE851B}.Release|Any CPU.ActiveCfg = Release|Any CPU
		{A6DEDF73-DA9F-4D54-BBD4-22A931BE851B}.Release|Any CPU.Build.0 = Release|Any CPU
		{9DAC1B64-57CD-4D68-B1F9-2C59ECA28A4F}.Debug|Any CPU.ActiveCfg = Debug|Any CPU
		{9DAC1B64-57CD-4D68-B1F9-2C59ECA28A4F}.Debug|Any CPU.Build.0 = Debug|Any CPU
		{9DAC1B64-57CD-4D68-B1F9-2C59ECA28A4F}.Release|Any CPU.ActiveCfg = Release|Any CPU
		{9DAC1B64-57CD-4D68-B1F9-2C59ECA28A4F}.Release|Any CPU.Build.0 = Release|Any CPU
		{3AF0E1B3-BD60-408D-AC4C-AD5874987558}.Debug|Any CPU.ActiveCfg = Debug|Any CPU
		{3AF0E1B3-BD60-408D-AC4C-AD5874987558}.Debug|Any CPU.Build.0 = Debug|Any CPU
		{3AF0E1B3-BD60-408D-AC4C-AD5874987558}.Release|Any CPU.ActiveCfg = Release|Any CPU
		{3AF0E1B3-BD60-408D-AC4C-AD5874987558}.Release|Any CPU.Build.0 = Release|Any CPU
	EndGlobalSection
	GlobalSection(SolutionProperties) = preSolution
		HideSolutionNode = FALSE
	EndGlobalSection
	GlobalSection(ExtensibilityGlobals) = postSolution
		SolutionGuid = {30A957CB-6009-4F54-819D-222B2B91F6D9}
	EndGlobalSection
EndGlobal
